// !$*UTF8*$!
{
	archiveVersion = 1;
	classes = {
	};
	objectVersion = 77;
	objects = {

/* Begin PBXBuildFile section */
		6F2A7F722E35D457004F3D42 /* LessonCompletionView.swift in Sources */ = {isa = PBXBuildFile; fileRef = 6F2A7F712E35D457004F3D42 /* LessonCompletionView.swift */; };
		6F2A7F742E35D461004F3D42 /* UserProgressModels.swift in Sources */ = {isa = PBXBuildFile; fileRef = 6F2A7F732E35D461004F3D42 /* UserProgressModels.swift */; };
		6F2A7F7F2E368893004F3D42 /* timeback_logo.svg in Resources */ = {isa = PBXBuildFile; fileRef = 6F2A7F7A2E368893004F3D42 /* timeback_logo.svg */; };
		6F2A7F802E368893004F3D42 /* timeback_text.svg in Resources */ = {isa = PBXBuildFile; fileRef = 6F2A7F7B2E368893004F3D42 /* timeback_text.svg */; };
		6F2A7F882E37CC9F004F3D42 /* algebra_1753715191.json in Resources */ = {isa = PBXBuildFile; fileRef = 6F2A7F812E37CC9F004F3D42 /* algebra_1753715191.json */; };
		6F2A7F892E37CC9F004F3D42 /* algebra2_1753715193.json in Resources */ = {isa = PBXBuildFile; fileRef = 6F2A7F832E37CC9F004F3D42 /* algebra2_1753715193.json */; };
		6F2A7F8A2E37CC9F004F3D42 /* physics-essentials_1753715198.json in Resources */ = {isa = PBXBuildFile; fileRef = 6F2A7F852E37CC9F004F3D42 /* physics-essentials_1753715198.json */; };
		6F2A7F8B2E37CC9F004F3D42 /* physics_1753715200.json in Resources */ = {isa = PBXBuildFile; fileRef = 6F2A7F842E37CC9F004F3D42 /* physics_1753715200.json */; };
		6F2A7F8C2E37CC9F004F3D42 /* pre-algebra_1753715196.json in Resources */ = {isa = PBXBuildFile; fileRef = 6F2A7F862E37CC9F004F3D42 /* pre-algebra_1753715196.json */; };
		6F2A7F8D2E37CC9F004F3D42 /* algebra-basics_1753715189.json in Resources */ = {isa = PBXBuildFile; fileRef = 6F2A7F822E37CC9F004F3D42 /* algebra-basics_1753715189.json */; };
		6F2A7F8F2E37CCB8004F3D42 /* KhanAcademyContentProvider.swift in Sources */ = {isa = PBXBuildFile; fileRef = 6F2A7F8E2E37CCB8004F3D42 /* KhanAcademyContentProvider.swift */; };
		6F2A7F9E2E37D515004F3D42 /* algebra-basics_brainlift_1753717867.json in Resources */ = {isa = PBXBuildFile; fileRef = 6F2A7F952E37D515004F3D42 /* algebra-basics_brainlift_1753717867.json */; };
		6F2A7FA02E37D515004F3D42 /* physics_brainlift_1753717878.json in Resources */ = {isa = PBXBuildFile; fileRef = 6F2A7F992E37D515004F3D42 /* physics_brainlift_1753717878.json */; };
		6F2A7FA52E37D515004F3D42 /* algebra2_brainlift_1753717874.json in Resources */ = {isa = PBXBuildFile; fileRef = 6F2A7F972E37D515004F3D42 /* algebra2_brainlift_1753717874.json */; };
		6F2A7FA62E37D515004F3D42 /* pre-algebra_brainlift_1753717863.json in Resources */ = {isa = PBXBuildFile; fileRef = 6F2A7F9C2E37D515004F3D42 /* pre-algebra_brainlift_1753717863.json */; };
		6F2A7FA82E37D515004F3D42 /* algebra_brainlift_1753717870.json in Resources */ = {isa = PBXBuildFile; fileRef = 6F2A7F932E37D515004F3D42 /* algebra_brainlift_1753717870.json */; };
		6F2A7FAB2E37E75C004F3D42 /* pre-algebra_deep_authenticated_1753722260.json in Resources */ = {isa = PBXBuildFile; fileRef = 6F2A7FAA2E37E75C004F3D42 /* pre-algebra_deep_authenticated_1753722260.json */; };
		6F2A7FAC2E37E75C004F3D42 /* pre-algebra_deep_authenticated_1753720349.json in Resources */ = {isa = PBXBuildFile; fileRef = 6F2A7FA92E37E75C004F3D42 /* pre-algebra_deep_authenticated_1753720349.json */; };
		6F2A7FAE2E38120D004F3D42 /* AEStudioContentProvider.swift in Sources */ = {isa = PBXBuildFile; fileRef = 6F2A7FAD2E38120D004F3D42 /* AEStudioContentProvider.swift */; };
		6F2A7FB12E38138D004F3D42 /* .swiftlint.yml in Resources */ = {isa = PBXBuildFile; fileRef = 6F2A7FB02E38137A004F3D42 /* .swiftlint.yml */; };
		6F2A7FB32E39448F004F3D42 /* InteractiveVideoContentView.swift in Sources */ = {isa = PBXBuildFile; fileRef = 6F2A7FB22E39448F004F3D42 /* InteractiveVideoContentView.swift */; };
		6F2A7FB52E39A82A004F3D42 /* pre-algebra_brainlift_1753836853.json in Resources */ = {isa = PBXBuildFile; fileRef = 6F2A7FB42E39A82A004F3D42 /* pre-algebra_brainlift_1753836853.json */; };
		6F2A7FB92E3A7A65004F3D42 /* UnitSectionView.swift in Sources */ = {isa = PBXBuildFile; fileRef = 6F2A7FB82E3A7A65004F3D42 /* UnitSectionView.swift */; };
		6F797A9F2E300B9B00EC16E9 /* Assets.xcassets in Resources */ = {isa = PBXBuildFile; fileRef = 6F797A9C2E300B9B00EC16E9 /* Assets.xcassets */; };
		6F797AA02E300B9B00EC16E9 /* Credentials.swift in Sources */ = {isa = PBXBuildFile; fileRef = 6F797A922E300B9B00EC16E9 /* Credentials.swift */; };
		6F797AA12E300B9B00EC16E9 /* DashboardView.swift in Sources */ = {isa = PBXBuildFile; fileRef = 6F797A992E300B9B00EC16E9 /* DashboardView.swift */; };
		6F797AA22E300B9B00EC16E9 /* APIService.swift in Sources */ = {isa = PBXBuildFile; fileRef = 6F797A8E2E300B9B00EC16E9 /* APIService.swift */; };
		6F797AA32E300B9B00EC16E9 /* ContentViewModel.swift in Sources */ = {isa = PBXBuildFile; fileRef = 6F797A942E300B9B00EC16E9 /* ContentViewModel.swift */; };
		6F797AA42E300B9B00EC16E9 /* KhanTimeApp.swift in Sources */ = {isa = PBXBuildFile; fileRef = 6F797A9D2E300B9B00EC16E9 /* KhanTimeApp.swift */; };
		6F797AA52E300B9B00EC16E9 /* LoginViewModel.swift in Sources */ = {isa = PBXBuildFile; fileRef = 6F797A962E300B9B00EC16E9 /* LoginViewModel.swift */; };
		6F797AA62E300B9B00EC16E9 /* AuthTokenResponse.swift in Sources */ = {isa = PBXBuildFile; fileRef = 6F797A8A2E300B9B00EC16E9 /* AuthTokenResponse.swift */; };
		6F797AA72E300B9B00EC16E9 /* DashboardViewModel.swift in Sources */ = {isa = PBXBuildFile; fileRef = 6F797A952E300B9B00EC16E9 /* DashboardViewModel.swift */; };
		6F797AA82E300B9B00EC16E9 /* CourseService.swift in Sources */ = {isa = PBXBuildFile; fileRef = 6F797A902E300B9B00EC16E9 /* CourseService.swift */; };
		6F797AA92E300B9B00EC16E9 /* AuthService.swift in Sources */ = {isa = PBXBuildFile; fileRef = 6F797A8F2E300B9B00EC16E9 /* AuthService.swift */; };
		6F797AAA2E300B9B00EC16E9 /* LoginView.swift in Sources */ = {isa = PBXBuildFile; fileRef = 6F797A9A2E300B9B00EC16E9 /* LoginView.swift */; };
		6F797AAB2E300B9B00EC16E9 /* ContentView.swift in Sources */ = {isa = PBXBuildFile; fileRef = 6F797A982E300B9B00EC16E9 /* ContentView.swift */; };
		6F797AAC2E300B9B00EC16E9 /* APIConstants.swift in Sources */ = {isa = PBXBuildFile; fileRef = 6F797A8D2E300B9B00EC16E9 /* APIConstants.swift */; };
		6F797AAD2E300B9B00EC16E9 /* Course.swift in Sources */ = {isa = PBXBuildFile; fileRef = 6F797A8B2E300B9B00EC16E9 /* Course.swift */; };
		6F797AAF2E30297000EC16E9 /* Syllabus.swift in Sources */ = {isa = PBXBuildFile; fileRef = 6F797AAE2E30297000EC16E9 /* Syllabus.swift */; };
		6F797AB32E302A1600EC16E9 /* QTIWebView.swift in Sources */ = {isa = PBXBuildFile; fileRef = 6F797AB12E302A1600EC16E9 /* QTIWebView.swift */; };
		6F797AB42E302A1600EC16E9 /* SyllabusView.swift in Sources */ = {isa = PBXBuildFile; fileRef = 6F797AB22E302A1600EC16E9 /* SyllabusView.swift */; };
		6F797AB52E302A1600EC16E9 /* QTIView.swift in Sources */ = {isa = PBXBuildFile; fileRef = 6F797AB02E302A1600EC16E9 /* QTIView.swift */; };
		6F9644022E303437005A4354 /* SyllabusViewModel.swift in Sources */ = {isa = PBXBuildFile; fileRef = 6F9644012E303437005A4354 /* SyllabusViewModel.swift */; };
		6F9644032E303437005A4354 /* QTIViewModel.swift in Sources */ = {isa = PBXBuildFile; fileRef = 6F9644002E303437005A4354 /* QTIViewModel.swift */; };
		6F9644062E304ED8005A4354 /* User.swift in Sources */ = {isa = PBXBuildFile; fileRef = 6F9644052E304ED8005A4354 /* User.swift */; };
		6F9644072E304ED8005A4354 /* CreationModels.swift in Sources */ = {isa = PBXBuildFile; fileRef = 6F9644042E304ED8005A4354 /* CreationModels.swift */; };
		6F9644092E304EE6005A4354 /* ContentCreationService.swift in Sources */ = {isa = PBXBuildFile; fileRef = 6F9644082E304EE6005A4354 /* ContentCreationService.swift */; };
		6F96440B2E30500E005A4354 /* SharedModels.swift in Sources */ = {isa = PBXBuildFile; fileRef = 6F96440A2E30500E005A4354 /* SharedModels.swift */; };
		6FC42AB52E328E0C00FE39A8 /* APIExplorerView.swift in Sources */ = {isa = PBXBuildFile; fileRef = 6FC42AB42E328E0C00FE39A8 /* APIExplorerView.swift */; };
		6FC42ABD2E328E4600FE39A8 /* SharedProtocolTypes.swift in Sources */ = {isa = PBXBuildFile; fileRef = 6FC42AB82E328E4600FE39A8 /* SharedProtocolTypes.swift */; };
		6FC42ABE2E328E4600FE39A8 /* ThemeProvider.swift in Sources */ = {isa = PBXBuildFile; fileRef = 6FC42AB92E328E4600FE39A8 /* ThemeProvider.swift */; };
		6FC42ABF2E328E4600FE39A8 /* ContentProvider.swift in Sources */ = {isa = PBXBuildFile; fileRef = 6FC42AB62E328E4600FE39A8 /* ContentProvider.swift */; };
		6FC42AC02E328E4600FE39A8 /* TimeBackContentProvider.swift in Sources */ = {isa = PBXBuildFile; fileRef = 6FC42ABB2E328E4600FE39A8 /* TimeBackContentProvider.swift */; };
		6FC42AC12E328E4600FE39A8 /* ProgressTracker.swift in Sources */ = {isa = PBXBuildFile; fileRef = 6FC42AB72E328E4600FE39A8 /* ProgressTracker.swift */; };
		6FC42AC32E328E6500FE39A8 /* GraphQLService.swift in Sources */ = {isa = PBXBuildFile; fileRef = 6FC42AC22E328E6500FE39A8 /* GraphQLService.swift */; };
		6FC42AC52E328E7900FE39A8 /* Credentials.swift.template in Resources */ = {isa = PBXBuildFile; fileRef = 6FC42AC42E328E7900FE39A8 /* Credentials.swift.template */; };
		6FC42AD02E33260E00FE39A8 /* HighSchoolTheme.swift in Sources */ = {isa = PBXBuildFile; fileRef = 6FC42ACA2E33260E00FE39A8 /* HighSchoolTheme.swift */; };
		6FC42AD12E33260E00FE39A8 /* ThemeSettingsView.swift in Sources */ = {isa = PBXBuildFile; fileRef = 6FC42AC72E33260E00FE39A8 /* ThemeSettingsView.swift */; };
		6FC42AD22E33260E00FE39A8 /* KidsTheme.swift in Sources */ = {isa = PBXBuildFile; fileRef = 6FC42ACB2E33260E00FE39A8 /* KidsTheme.swift */; };
		6FC42AD32E33260E00FE39A8 /* ThemeFactory.swift in Sources */ = {isa = PBXBuildFile; fileRef = 6FC42ACD2E33260E00FE39A8 /* ThemeFactory.swift */; };
		6FC42AD42E33260E00FE39A8 /* CourseCard.swift in Sources */ = {isa = PBXBuildFile; fileRef = 6FC42AC62E33260E00FE39A8 /* CourseCard.swift */; };
		6FC42AD52E33260E00FE39A8 /* MiddleTheme.swift in Sources */ = {isa = PBXBuildFile; fileRef = 6FC42ACC2E33260E00FE39A8 /* MiddleTheme.swift */; };
		6FC42AD72E33D8B600FE39A8 /* ElementaryTheme.swift in Sources */ = {isa = PBXBuildFile; fileRef = 6FC42AD62E33D8B600FE39A8 /* ElementaryTheme.swift */; };
		6FC42AD92E34445800FE39A8 /* HeroLandingView.swift in Sources */ = {isa = PBXBuildFile; fileRef = 6FC42AD82E34445800FE39A8 /* HeroLandingView.swift */; };
		6FC42ADB2E35BE6E00FE39A8 /* InteractiveLessonModels.swift in Sources */ = {isa = PBXBuildFile; fileRef = 6FC42ADA2E35BE6E00FE39A8 /* InteractiveLessonModels.swift */; };
		6FC42ADE2E35BE8300FE39A8 /* InteractiveLessonsBrowserView.swift in Sources */ = {isa = PBXBuildFile; fileRef = 6FC42ADC2E35BE8300FE39A8 /* InteractiveLessonsBrowserView.swift */; };
		6FC42ADF2E35BE8300FE39A8 /* InteractiveLessonView.swift in Sources */ = {isa = PBXBuildFile; fileRef = 6FC42ADD2E35BE8300FE39A8 /* InteractiveLessonView.swift */; };
		6FC42AE12E35BED100FE39A8 /* InteractiveQuestionView.swift in Sources */ = {isa = PBXBuildFile; fileRef = 6FC42AE02E35BED100FE39A8 /* InteractiveQuestionView.swift */; };
/* End PBXBuildFile section */

/* Begin PBXFileReference section */
		6F2430762E3007F8000F3090 /* KhanTime.app */ = {isa = PBXFileReference; explicitFileType = wrapper.application; includeInIndex = 0; path = KhanTime.app; sourceTree = BUILT_PRODUCTS_DIR; };
		6F2A7F712E35D457004F3D42 /* LessonCompletionView.swift */ = {isa = PBXFileReference; lastKnownFileType = sourcecode.swift; path = LessonCompletionView.swift; sourceTree = "<group>"; };
		6F2A7F732E35D461004F3D42 /* UserProgressModels.swift */ = {isa = PBXFileReference; lastKnownFileType = sourcecode.swift; path = UserProgressModels.swift; sourceTree = "<group>"; };
		6F2A7F7A2E368893004F3D42 /* timeback_logo.svg */ = {isa = PBXFileReference; lastKnownFileType = text; path = timeback_logo.svg; sourceTree = "<group>"; };
		6F2A7F7B2E368893004F3D42 /* timeback_text.svg */ = {isa = PBXFileReference; lastKnownFileType = text; path = timeback_text.svg; sourceTree = "<group>"; };
		6F2A7F812E37CC9F004F3D42 /* algebra_1753715191.json */ = {isa = PBXFileReference; lastKnownFileType = text.json; path = algebra_1753715191.json; sourceTree = "<group>"; };
		6F2A7F822E37CC9F004F3D42 /* algebra-basics_1753715189.json */ = {isa = PBXFileReference; lastKnownFileType = text.json; path = "algebra-basics_1753715189.json"; sourceTree = "<group>"; };
		6F2A7F832E37CC9F004F3D42 /* algebra2_1753715193.json */ = {isa = PBXFileReference; lastKnownFileType = text.json; path = algebra2_1753715193.json; sourceTree = "<group>"; };
		6F2A7F842E37CC9F004F3D42 /* physics_1753715200.json */ = {isa = PBXFileReference; lastKnownFileType = text.json; path = physics_1753715200.json; sourceTree = "<group>"; };
		6F2A7F852E37CC9F004F3D42 /* physics-essentials_1753715198.json */ = {isa = PBXFileReference; lastKnownFileType = text.json; path = "physics-essentials_1753715198.json"; sourceTree = "<group>"; };
		6F2A7F862E37CC9F004F3D42 /* pre-algebra_1753715196.json */ = {isa = PBXFileReference; lastKnownFileType = text.json; path = "pre-algebra_1753715196.json"; sourceTree = "<group>"; };
		6F2A7F8E2E37CCB8004F3D42 /* KhanAcademyContentProvider.swift */ = {isa = PBXFileReference; lastKnownFileType = sourcecode.swift; path = KhanAcademyContentProvider.swift; sourceTree = "<group>"; };
		6F2A7F932E37D515004F3D42 /* algebra_brainlift_1753717870.json */ = {isa = PBXFileReference; lastKnownFileType = text.json; path = algebra_brainlift_1753717870.json; sourceTree = "<group>"; };
		6F2A7F952E37D515004F3D42 /* algebra-basics_brainlift_1753717867.json */ = {isa = PBXFileReference; lastKnownFileType = text.json; path = "algebra-basics_brainlift_1753717867.json"; sourceTree = "<group>"; };
		6F2A7F972E37D515004F3D42 /* algebra2_brainlift_1753717874.json */ = {isa = PBXFileReference; lastKnownFileType = text.json; path = algebra2_brainlift_1753717874.json; sourceTree = "<group>"; };
		6F2A7F992E37D515004F3D42 /* physics_brainlift_1753717878.json */ = {isa = PBXFileReference; lastKnownFileType = text.json; path = physics_brainlift_1753717878.json; sourceTree = "<group>"; };
		6F2A7F9C2E37D515004F3D42 /* pre-algebra_brainlift_1753717863.json */ = {isa = PBXFileReference; lastKnownFileType = text.json; path = "pre-algebra_brainlift_1753717863.json"; sourceTree = "<group>"; };
		6F2A7FA92E37E75C004F3D42 /* pre-algebra_deep_authenticated_1753720349.json */ = {isa = PBXFileReference; lastKnownFileType = text.json; path = "pre-algebra_deep_authenticated_1753720349.json"; sourceTree = "<group>"; };
		6F2A7FAA2E37E75C004F3D42 /* pre-algebra_deep_authenticated_1753722260.json */ = {isa = PBXFileReference; lastKnownFileType = text.json; path = "pre-algebra_deep_authenticated_1753722260.json"; sourceTree = "<group>"; };
		6F2A7FAD2E38120D004F3D42 /* AEStudioContentProvider.swift */ = {isa = PBXFileReference; lastKnownFileType = sourcecode.swift; path = AEStudioContentProvider.swift; sourceTree = "<group>"; };
		6F2A7FB02E38137A004F3D42 /* .swiftlint.yml */ = {isa = PBXFileReference; lastKnownFileType = text.yaml; path = .swiftlint.yml; sourceTree = "<group>"; };
		6F2A7FB22E39448F004F3D42 /* InteractiveVideoContentView.swift */ = {isa = PBXFileReference; lastKnownFileType = sourcecode.swift; path = InteractiveVideoContentView.swift; sourceTree = "<group>"; };
		6F2A7FB42E39A82A004F3D42 /* pre-algebra_brainlift_1753836853.json */ = {isa = PBXFileReference; lastKnownFileType = text.json; path = "pre-algebra_brainlift_1753836853.json"; sourceTree = "<group>"; };
		6F2A7FB82E3A7A65004F3D42 /* UnitSectionView.swift */ = {isa = PBXFileReference; lastKnownFileType = sourcecode.swift; path = UnitSectionView.swift; sourceTree = "<group>"; };
		6F797A8A2E300B9B00EC16E9 /* AuthTokenResponse.swift */ = {isa = PBXFileReference; lastKnownFileType = sourcecode.swift; path = AuthTokenResponse.swift; sourceTree = "<group>"; };
		6F797A8B2E300B9B00EC16E9 /* Course.swift */ = {isa = PBXFileReference; lastKnownFileType = sourcecode.swift; path = Course.swift; sourceTree = "<group>"; };
		6F797A8D2E300B9B00EC16E9 /* APIConstants.swift */ = {isa = PBXFileReference; lastKnownFileType = sourcecode.swift; path = APIConstants.swift; sourceTree = "<group>"; };
		6F797A8E2E300B9B00EC16E9 /* APIService.swift */ = {isa = PBXFileReference; lastKnownFileType = sourcecode.swift; path = APIService.swift; sourceTree = "<group>"; };
		6F797A8F2E300B9B00EC16E9 /* AuthService.swift */ = {isa = PBXFileReference; lastKnownFileType = sourcecode.swift; path = AuthService.swift; sourceTree = "<group>"; };
		6F797A902E300B9B00EC16E9 /* CourseService.swift */ = {isa = PBXFileReference; lastKnownFileType = sourcecode.swift; path = CourseService.swift; sourceTree = "<group>"; };
		6F797A922E300B9B00EC16E9 /* Credentials.swift */ = {isa = PBXFileReference; lastKnownFileType = sourcecode.swift; path = Credentials.swift; sourceTree = "<group>"; };
		6F797A942E300B9B00EC16E9 /* ContentViewModel.swift */ = {isa = PBXFileReference; lastKnownFileType = sourcecode.swift; path = ContentViewModel.swift; sourceTree = "<group>"; };
		6F797A952E300B9B00EC16E9 /* DashboardViewModel.swift */ = {isa = PBXFileReference; lastKnownFileType = sourcecode.swift; path = DashboardViewModel.swift; sourceTree = "<group>"; };
		6F797A962E300B9B00EC16E9 /* LoginViewModel.swift */ = {isa = PBXFileReference; lastKnownFileType = sourcecode.swift; path = LoginViewModel.swift; sourceTree = "<group>"; };
		6F797A982E300B9B00EC16E9 /* ContentView.swift */ = {isa = PBXFileReference; lastKnownFileType = sourcecode.swift; path = ContentView.swift; sourceTree = "<group>"; };
		6F797A992E300B9B00EC16E9 /* DashboardView.swift */ = {isa = PBXFileReference; lastKnownFileType = sourcecode.swift; path = DashboardView.swift; sourceTree = "<group>"; };
		6F797A9A2E300B9B00EC16E9 /* LoginView.swift */ = {isa = PBXFileReference; lastKnownFileType = sourcecode.swift; path = LoginView.swift; sourceTree = "<group>"; };
		6F797A9C2E300B9B00EC16E9 /* Assets.xcassets */ = {isa = PBXFileReference; lastKnownFileType = folder.assetcatalog; path = Assets.xcassets; sourceTree = "<group>"; };
		6F797A9D2E300B9B00EC16E9 /* KhanTimeApp.swift */ = {isa = PBXFileReference; lastKnownFileType = sourcecode.swift; path = KhanTimeApp.swift; sourceTree = "<group>"; };
		6F797AAE2E30297000EC16E9 /* Syllabus.swift */ = {isa = PBXFileReference; lastKnownFileType = sourcecode.swift; path = Syllabus.swift; sourceTree = "<group>"; };
		6F797AB02E302A1600EC16E9 /* QTIView.swift */ = {isa = PBXFileReference; lastKnownFileType = sourcecode.swift; path = QTIView.swift; sourceTree = "<group>"; };
		6F797AB12E302A1600EC16E9 /* QTIWebView.swift */ = {isa = PBXFileReference; lastKnownFileType = sourcecode.swift; path = QTIWebView.swift; sourceTree = "<group>"; };
		6F797AB22E302A1600EC16E9 /* SyllabusView.swift */ = {isa = PBXFileReference; lastKnownFileType = sourcecode.swift; path = SyllabusView.swift; sourceTree = "<group>"; };
		6F9644002E303437005A4354 /* QTIViewModel.swift */ = {isa = PBXFileReference; lastKnownFileType = sourcecode.swift; path = QTIViewModel.swift; sourceTree = "<group>"; };
		6F9644012E303437005A4354 /* SyllabusViewModel.swift */ = {isa = PBXFileReference; lastKnownFileType = sourcecode.swift; path = SyllabusViewModel.swift; sourceTree = "<group>"; };
		6F9644042E304ED8005A4354 /* CreationModels.swift */ = {isa = PBXFileReference; lastKnownFileType = sourcecode.swift; path = CreationModels.swift; sourceTree = "<group>"; };
		6F9644052E304ED8005A4354 /* User.swift */ = {isa = PBXFileReference; lastKnownFileType = sourcecode.swift; path = User.swift; sourceTree = "<group>"; };
		6F9644082E304EE6005A4354 /* ContentCreationService.swift */ = {isa = PBXFileReference; lastKnownFileType = sourcecode.swift; path = ContentCreationService.swift; sourceTree = "<group>"; };
		6F96440A2E30500E005A4354 /* SharedModels.swift */ = {isa = PBXFileReference; lastKnownFileType = sourcecode.swift; path = SharedModels.swift; sourceTree = "<group>"; };
		6FC42AB42E328E0C00FE39A8 /* APIExplorerView.swift */ = {isa = PBXFileReference; lastKnownFileType = sourcecode.swift; path = APIExplorerView.swift; sourceTree = "<group>"; };
		6FC42AB62E328E4600FE39A8 /* ContentProvider.swift */ = {isa = PBXFileReference; lastKnownFileType = sourcecode.swift; path = ContentProvider.swift; sourceTree = "<group>"; };
		6FC42AB72E328E4600FE39A8 /* ProgressTracker.swift */ = {isa = PBXFileReference; lastKnownFileType = sourcecode.swift; path = ProgressTracker.swift; sourceTree = "<group>"; };
		6FC42AB82E328E4600FE39A8 /* SharedProtocolTypes.swift */ = {isa = PBXFileReference; lastKnownFileType = sourcecode.swift; path = SharedProtocolTypes.swift; sourceTree = "<group>"; };
		6FC42AB92E328E4600FE39A8 /* ThemeProvider.swift */ = {isa = PBXFileReference; lastKnownFileType = sourcecode.swift; path = ThemeProvider.swift; sourceTree = "<group>"; };
		6FC42ABB2E328E4600FE39A8 /* TimeBackContentProvider.swift */ = {isa = PBXFileReference; lastKnownFileType = sourcecode.swift; path = TimeBackContentProvider.swift; sourceTree = "<group>"; };
		6FC42AC22E328E6500FE39A8 /* GraphQLService.swift */ = {isa = PBXFileReference; lastKnownFileType = sourcecode.swift; path = GraphQLService.swift; sourceTree = "<group>"; };
		6FC42AC42E328E7900FE39A8 /* Credentials.swift.template */ = {isa = PBXFileReference; lastKnownFileType = text; path = Credentials.swift.template; sourceTree = "<group>"; };
		6FC42AC62E33260E00FE39A8 /* CourseCard.swift */ = {isa = PBXFileReference; lastKnownFileType = sourcecode.swift; path = CourseCard.swift; sourceTree = "<group>"; };
		6FC42AC72E33260E00FE39A8 /* ThemeSettingsView.swift */ = {isa = PBXFileReference; lastKnownFileType = sourcecode.swift; path = ThemeSettingsView.swift; sourceTree = "<group>"; };
		6FC42ACA2E33260E00FE39A8 /* HighSchoolTheme.swift */ = {isa = PBXFileReference; lastKnownFileType = sourcecode.swift; path = HighSchoolTheme.swift; sourceTree = "<group>"; };
		6FC42ACB2E33260E00FE39A8 /* KidsTheme.swift */ = {isa = PBXFileReference; lastKnownFileType = sourcecode.swift; path = KidsTheme.swift; sourceTree = "<group>"; };
		6FC42ACC2E33260E00FE39A8 /* MiddleTheme.swift */ = {isa = PBXFileReference; lastKnownFileType = sourcecode.swift; path = MiddleTheme.swift; sourceTree = "<group>"; };
		6FC42ACD2E33260E00FE39A8 /* ThemeFactory.swift */ = {isa = PBXFileReference; lastKnownFileType = sourcecode.swift; path = ThemeFactory.swift; sourceTree = "<group>"; };
		6FC42AD62E33D8B600FE39A8 /* ElementaryTheme.swift */ = {isa = PBXFileReference; lastKnownFileType = sourcecode.swift; path = ElementaryTheme.swift; sourceTree = "<group>"; };
		6FC42AD82E34445800FE39A8 /* HeroLandingView.swift */ = {isa = PBXFileReference; lastKnownFileType = sourcecode.swift; path = HeroLandingView.swift; sourceTree = "<group>"; };
		6FC42ADA2E35BE6E00FE39A8 /* InteractiveLessonModels.swift */ = {isa = PBXFileReference; lastKnownFileType = sourcecode.swift; path = InteractiveLessonModels.swift; sourceTree = "<group>"; };
		6FC42ADC2E35BE8300FE39A8 /* InteractiveLessonsBrowserView.swift */ = {isa = PBXFileReference; lastKnownFileType = sourcecode.swift; path = InteractiveLessonsBrowserView.swift; sourceTree = "<group>"; };
		6FC42ADD2E35BE8300FE39A8 /* InteractiveLessonView.swift */ = {isa = PBXFileReference; lastKnownFileType = sourcecode.swift; path = InteractiveLessonView.swift; sourceTree = "<group>"; };
		6FC42AE02E35BED100FE39A8 /* InteractiveQuestionView.swift */ = {isa = PBXFileReference; lastKnownFileType = sourcecode.swift; path = InteractiveQuestionView.swift; sourceTree = "<group>"; };
/* End PBXFileReference section */

/* Begin PBXFrameworksBuildPhase section */
		6F2430732E3007F8000F3090 /* Frameworks */ = {
			isa = PBXFrameworksBuildPhase;
			buildActionMask = 2147483647;
			files = (
			);
			runOnlyForDeploymentPostprocessing = 0;
		};
/* End PBXFrameworksBuildPhase section */

/* Begin PBXGroup section */
		6F24306D2E3007F8000F3090 = {
			isa = PBXGroup;
			children = (
				6F2A7FB02E38137A004F3D42 /* .swiftlint.yml */,
				6F2A7F872E37CC9F004F3D42 /* Resources */,
				6F2A7F7A2E368893004F3D42 /* timeback_logo.svg */,
				6F2A7F7B2E368893004F3D42 /* timeback_text.svg */,
				6F2A7F7D2E368893004F3D42 /* tools */,
				6F797A9E2E300B9B00EC16E9 /* Source */,
				6F2430772E3007F8000F3090 /* Products */,
			);
			sourceTree = "<group>";
		};
		6F2430772E3007F8000F3090 /* Products */ = {
			isa = PBXGroup;
			children = (
				6F2430762E3007F8000F3090 /* KhanTime.app */,
			);
			name = Products;
			sourceTree = "<group>";
		};
		6F2A7F7D2E368893004F3D42 /* tools */ = {
			isa = PBXGroup;
			children = (
			);
			path = tools;
			sourceTree = "<group>";
		};
		6F2A7F872E37CC9F004F3D42 /* Resources */ = {
			isa = PBXGroup;
			children = (
				6F2A7F812E37CC9F004F3D42 /* algebra_1753715191.json */,
				6F2A7F822E37CC9F004F3D42 /* algebra-basics_1753715189.json */,
				6F2A7F832E37CC9F004F3D42 /* algebra2_1753715193.json */,
				6F2A7F842E37CC9F004F3D42 /* physics_1753715200.json */,
				6F2A7F852E37CC9F004F3D42 /* physics-essentials_1753715198.json */,
				6F2A7F862E37CC9F004F3D42 /* pre-algebra_1753715196.json */,
			);
			path = Resources;
			sourceTree = "<group>";
		};
		6F2A7F9D2E37D515004F3D42 /* Resources */ = {
			isa = PBXGroup;
			children = (
				6F2A7FB42E39A82A004F3D42 /* pre-algebra_brainlift_1753836853.json */,
				6F2A7FA92E37E75C004F3D42 /* pre-algebra_deep_authenticated_1753720349.json */,
				6F2A7FAA2E37E75C004F3D42 /* pre-algebra_deep_authenticated_1753722260.json */,
				6F2A7F932E37D515004F3D42 /* algebra_brainlift_1753717870.json */,
				6F2A7F952E37D515004F3D42 /* algebra-basics_brainlift_1753717867.json */,
				6F2A7F972E37D515004F3D42 /* algebra2_brainlift_1753717874.json */,
				6F2A7F992E37D515004F3D42 /* physics_brainlift_1753717878.json */,
				6F2A7F9C2E37D515004F3D42 /* pre-algebra_brainlift_1753717863.json */,
			);
			path = Resources;
			sourceTree = "<group>";
		};
		6F797A8C2E300B9B00EC16E9 /* Models */ = {
			isa = PBXGroup;
			children = (
				6F2A7F732E35D461004F3D42 /* UserProgressModels.swift */,
				6FC42ADA2E35BE6E00FE39A8 /* InteractiveLessonModels.swift */,
				6F96440A2E30500E005A4354 /* SharedModels.swift */,
				6F9644042E304ED8005A4354 /* CreationModels.swift */,
				6F9644052E304ED8005A4354 /* User.swift */,
				6F797AAE2E30297000EC16E9 /* Syllabus.swift */,
				6F797A8A2E300B9B00EC16E9 /* AuthTokenResponse.swift */,
				6F797A8B2E300B9B00EC16E9 /* Course.swift */,
			);
			path = Models;
			sourceTree = "<group>";
		};
		6F797A912E300B9B00EC16E9 /* Networking */ = {
			isa = PBXGroup;
			children = (
				6FC42AC22E328E6500FE39A8 /* GraphQLService.swift */,
				6F9644082E304EE6005A4354 /* ContentCreationService.swift */,
				6F797A8D2E300B9B00EC16E9 /* APIConstants.swift */,
				6F797A8E2E300B9B00EC16E9 /* APIService.swift */,
				6F797A8F2E300B9B00EC16E9 /* AuthService.swift */,
				6F797A902E300B9B00EC16E9 /* CourseService.swift */,
			);
			path = Networking;
			sourceTree = "<group>";
		};
		6F797A932E300B9B00EC16E9 /* Utilities */ = {
			isa = PBXGroup;
			children = (
				6FC42AC42E328E7900FE39A8 /* Credentials.swift.template */,
				6F797A922E300B9B00EC16E9 /* Credentials.swift */,
			);
			path = Utilities;
			sourceTree = "<group>";
		};
		6F797A972E300B9B00EC16E9 /* ViewModels */ = {
			isa = PBXGroup;
			children = (
				6F9644002E303437005A4354 /* QTIViewModel.swift */,
				6F9644012E303437005A4354 /* SyllabusViewModel.swift */,
				6F797A942E300B9B00EC16E9 /* ContentViewModel.swift */,
				6F797A952E300B9B00EC16E9 /* DashboardViewModel.swift */,
				6F797A962E300B9B00EC16E9 /* LoginViewModel.swift */,
			);
			path = ViewModels;
			sourceTree = "<group>";
		};
		6F797A9B2E300B9B00EC16E9 /* Views */ = {
			isa = PBXGroup;
			children = (
				6F2A7FB82E3A7A65004F3D42 /* UnitSectionView.swift */,
				6F2A7FB22E39448F004F3D42 /* InteractiveVideoContentView.swift */,
				6F2A7F712E35D457004F3D42 /* LessonCompletionView.swift */,
				6FC42ADC2E35BE8300FE39A8 /* InteractiveLessonsBrowserView.swift */,
				6FC42ADD2E35BE8300FE39A8 /* InteractiveLessonView.swift */,
				6FC42AD82E34445800FE39A8 /* HeroLandingView.swift */,
				6FC42AB42E328E0C00FE39A8 /* APIExplorerView.swift */,
				6F797AB02E302A1600EC16E9 /* QTIView.swift */,
				6F797AB12E302A1600EC16E9 /* QTIWebView.swift */,
				6F797AB22E302A1600EC16E9 /* SyllabusView.swift */,
				6F797A982E300B9B00EC16E9 /* ContentView.swift */,
				6F797A992E300B9B00EC16E9 /* DashboardView.swift */,
				6F797A9A2E300B9B00EC16E9 /* LoginView.swift */,
			);
			path = Views;
			sourceTree = "<group>";
		};
		6F797A9E2E300B9B00EC16E9 /* Source */ = {
			isa = PBXGroup;
			children = (
				6F2A7F9D2E37D515004F3D42 /* Resources */,
				6FC42ACF2E33260E00FE39A8 /* UI */,
				6FC42ABA2E328E4600FE39A8 /* Protocols */,
				6FC42ABC2E328E4600FE39A8 /* Providers */,
				6F797A8C2E300B9B00EC16E9 /* Models */,
				6F797A912E300B9B00EC16E9 /* Networking */,
				6F797A932E300B9B00EC16E9 /* Utilities */,
				6F797A972E300B9B00EC16E9 /* ViewModels */,
				6F797A9B2E300B9B00EC16E9 /* Views */,
				6F797A9C2E300B9B00EC16E9 /* Assets.xcassets */,
				6F797A9D2E300B9B00EC16E9 /* KhanTimeApp.swift */,
			);
			path = Source;
			sourceTree = "<group>";
		};
		6FC42ABA2E328E4600FE39A8 /* Protocols */ = {
			isa = PBXGroup;
			children = (
				6FC42AB62E328E4600FE39A8 /* ContentProvider.swift */,
				6FC42AB72E328E4600FE39A8 /* ProgressTracker.swift */,
				6FC42AB82E328E4600FE39A8 /* SharedProtocolTypes.swift */,
				6FC42AB92E328E4600FE39A8 /* ThemeProvider.swift */,
			);
			path = Protocols;
			sourceTree = "<group>";
		};
		6FC42ABC2E328E4600FE39A8 /* Providers */ = {
			isa = PBXGroup;
			children = (
				6F2A7FAD2E38120D004F3D42 /* AEStudioContentProvider.swift */,
				6F2A7F8E2E37CCB8004F3D42 /* KhanAcademyContentProvider.swift */,
				6FC42ABB2E328E4600FE39A8 /* TimeBackContentProvider.swift */,
			);
			path = Providers;
			sourceTree = "<group>";
		};
		6FC42AC82E33260E00FE39A8 /* Components */ = {
			isa = PBXGroup;
			children = (
				6FC42AE02E35BED100FE39A8 /* InteractiveQuestionView.swift */,
				6FC42AC62E33260E00FE39A8 /* CourseCard.swift */,
				6FC42AC72E33260E00FE39A8 /* ThemeSettingsView.swift */,
			);
			path = Components;
			sourceTree = "<group>";
		};
		6FC42AC92E33260E00FE39A8 /* Screens */ = {
			isa = PBXGroup;
			children = (
			);
			path = Screens;
			sourceTree = "<group>";
		};
		6FC42ACE2E33260E00FE39A8 /* Themes */ = {
			isa = PBXGroup;
			children = (
				6FC42AD62E33D8B600FE39A8 /* ElementaryTheme.swift */,
				6FC42ACA2E33260E00FE39A8 /* HighSchoolTheme.swift */,
				6FC42ACB2E33260E00FE39A8 /* KidsTheme.swift */,
				6FC42ACC2E33260E00FE39A8 /* MiddleTheme.swift */,
				6FC42ACD2E33260E00FE39A8 /* ThemeFactory.swift */,
			);
			path = Themes;
			sourceTree = "<group>";
		};
		6FC42ACF2E33260E00FE39A8 /* UI */ = {
			isa = PBXGroup;
			children = (
				6FC42AC82E33260E00FE39A8 /* Components */,
				6FC42AC92E33260E00FE39A8 /* Screens */,
				6FC42ACE2E33260E00FE39A8 /* Themes */,
			);
			path = UI;
			sourceTree = "<group>";
		};
/* End PBXGroup section */

/* Begin PBXNativeTarget section */
		6F2430752E3007F8000F3090 /* KhanTime */ = {
			isa = PBXNativeTarget;
			buildConfigurationList = 6F2430812E3007F9000F3090 /* Build configuration list for PBXNativeTarget "KhanTime" */;
			buildPhases = (
				6F2A7FAF2E381338004F3D42 /* SwiftLint */,
				6F2430722E3007F8000F3090 /* Sources */,
				6F2430732E3007F8000F3090 /* Frameworks */,
				6F2430742E3007F8000F3090 /* Resources */,
			);
			buildRules = (
			);
			dependencies = (
			);
			name = KhanTime;
			packageProductDependencies = (
			);
			productName = KhanTime;
			productReference = 6F2430762E3007F8000F3090 /* KhanTime.app */;
			productType = "com.apple.product-type.application";
		};
/* End PBXNativeTarget section */

/* Begin PBXProject section */
		6F24306E2E3007F8000F3090 /* Project object */ = {
			isa = PBXProject;
			attributes = {
				BuildIndependentTargetsInParallel = 1;
				LastSwiftUpdateCheck = 1630;
				LastUpgradeCheck = 1630;
				TargetAttributes = {
					6F2430752E3007F8000F3090 = {
						CreatedOnToolsVersion = 16.3;
					};
				};
			};
			buildConfigurationList = 6F2430712E3007F8000F3090 /* Build configuration list for PBXProject "KhanTime" */;
			developmentRegion = en;
			hasScannedForEncodings = 0;
			knownRegions = (
				en,
				Base,
			);
			mainGroup = 6F24306D2E3007F8000F3090;
			minimizedProjectReferenceProxies = 1;
			preferredProjectObjectVersion = 77;
			productRefGroup = 6F2430772E3007F8000F3090 /* Products */;
			projectDirPath = "";
			projectRoot = "";
			targets = (
				6F2430752E3007F8000F3090 /* KhanTime */,
			);
		};
/* End PBXProject section */

/* Begin PBXResourcesBuildPhase section */
		6F2430742E3007F8000F3090 /* Resources */ = {
			isa = PBXResourcesBuildPhase;
			buildActionMask = 2147483647;
			files = (
				6F2A7FB12E38138D004F3D42 /* .swiftlint.yml in Resources */,
				6F2A7F7F2E368893004F3D42 /* timeback_logo.svg in Resources */,
				6F2A7F802E368893004F3D42 /* timeback_text.svg in Resources */,
				6F2A7F882E37CC9F004F3D42 /* algebra_1753715191.json in Resources */,
				6F2A7F892E37CC9F004F3D42 /* algebra2_1753715193.json in Resources */,
				6F2A7F8A2E37CC9F004F3D42 /* physics-essentials_1753715198.json in Resources */,
				6F2A7F8B2E37CC9F004F3D42 /* physics_1753715200.json in Resources */,
				6F2A7F8C2E37CC9F004F3D42 /* pre-algebra_1753715196.json in Resources */,
				6F2A7F8D2E37CC9F004F3D42 /* algebra-basics_1753715189.json in Resources */,
				6F2A7FAB2E37E75C004F3D42 /* pre-algebra_deep_authenticated_1753722260.json in Resources */,
				6F2A7FAC2E37E75C004F3D42 /* pre-algebra_deep_authenticated_1753720349.json in Resources */,
				6F797A9F2E300B9B00EC16E9 /* Assets.xcassets in Resources */,
				6F2A7F9E2E37D515004F3D42 /* algebra-basics_brainlift_1753717867.json in Resources */,
				6F2A7FB52E39A82A004F3D42 /* pre-algebra_brainlift_1753836853.json in Resources */,
				6F2A7FA02E37D515004F3D42 /* physics_brainlift_1753717878.json in Resources */,
				6F2A7FA52E37D515004F3D42 /* algebra2_brainlift_1753717874.json in Resources */,
				6F2A7FA62E37D515004F3D42 /* pre-algebra_brainlift_1753717863.json in Resources */,
				6F2A7FA82E37D515004F3D42 /* algebra_brainlift_1753717870.json in Resources */,
				6FC42AC52E328E7900FE39A8 /* Credentials.swift.template in Resources */,
			);
			runOnlyForDeploymentPostprocessing = 0;
		};
/* End PBXResourcesBuildPhase section */

/* Begin PBXShellScriptBuildPhase section */
		6F2A7FAF2E381338004F3D42 /* SwiftLint */ = {
			isa = PBXShellScriptBuildPhase;
			alwaysOutOfDate = 1;
			buildActionMask = 2147483647;
			files = (
			);
			inputFileListPaths = (
			);
			inputPaths = (
			);
			name = SwiftLint;
			outputFileListPaths = (
			);
			outputPaths = (
			);
			runOnlyForDeploymentPostprocessing = 0;
			shellPath = /bin/sh;
			shellScript = "SWIFTLINT=\"/opt/homebrew/bin/swiftlint\"\nCONFIG=\"${SRCROOT}/KhanTime/.swiftlint.yml\"\nTARGET_DIR=\"${SRCROOT}/KhanTime\"\n\nif [ -f \"$SWIFTLINT\" ]; then\n  \"$SWIFTLINT\" lint --config \"$CONFIG\" \"$TARGET_DIR\" || true\nelse\n  echo \"warning: SwiftLint not installed\"\nfi\n";
		};
/* End PBXShellScriptBuildPhase section */

/* Begin PBXSourcesBuildPhase section */
		6F2430722E3007F8000F3090 /* Sources */ = {
			isa = PBXSourcesBuildPhase;
			buildActionMask = 2147483647;
			files = (
				6FC42AD02E33260E00FE39A8 /* HighSchoolTheme.swift in Sources */,
				6FC42AD12E33260E00FE39A8 /* ThemeSettingsView.swift in Sources */,
				6FC42AD92E34445800FE39A8 /* HeroLandingView.swift in Sources */,
				6FC42AD22E33260E00FE39A8 /* KidsTheme.swift in Sources */,
				6FC42AD32E33260E00FE39A8 /* ThemeFactory.swift in Sources */,
				6F2A7FB32E39448F004F3D42 /* InteractiveVideoContentView.swift in Sources */,
				6FC42AD42E33260E00FE39A8 /* CourseCard.swift in Sources */,
				6FC42AD72E33D8B600FE39A8 /* ElementaryTheme.swift in Sources */,
				6FC42AD52E33260E00FE39A8 /* MiddleTheme.swift in Sources */,
				6F797AA02E300B9B00EC16E9 /* Credentials.swift in Sources */,
				6FC42AB52E328E0C00FE39A8 /* APIExplorerView.swift in Sources */,
				6F2A7F722E35D457004F3D42 /* LessonCompletionView.swift in Sources */,
				6F797AA12E300B9B00EC16E9 /* DashboardView.swift in Sources */,
				6F9644092E304EE6005A4354 /* ContentCreationService.swift in Sources */,
				6F797AA22E300B9B00EC16E9 /* APIService.swift in Sources */,
				6F797AA32E300B9B00EC16E9 /* ContentViewModel.swift in Sources */,
				6FC42ADB2E35BE6E00FE39A8 /* InteractiveLessonModels.swift in Sources */,
				6F797AA42E300B9B00EC16E9 /* KhanTimeApp.swift in Sources */,
				6FC42ABD2E328E4600FE39A8 /* SharedProtocolTypes.swift in Sources */,
				6F2A7FB92E3A7A65004F3D42 /* UnitSectionView.swift in Sources */,
				6FC42ABE2E328E4600FE39A8 /* ThemeProvider.swift in Sources */,
				6FC42ABF2E328E4600FE39A8 /* ContentProvider.swift in Sources */,
				6FC42AC02E328E4600FE39A8 /* TimeBackContentProvider.swift in Sources */,
				6FC42AC12E328E4600FE39A8 /* ProgressTracker.swift in Sources */,
				6F797AA52E300B9B00EC16E9 /* LoginViewModel.swift in Sources */,
				6F9644022E303437005A4354 /* SyllabusViewModel.swift in Sources */,
				6FC42AE12E35BED100FE39A8 /* InteractiveQuestionView.swift in Sources */,
				6F9644032E303437005A4354 /* QTIViewModel.swift in Sources */,
				6F797AA62E300B9B00EC16E9 /* AuthTokenResponse.swift in Sources */,
				6F797AA72E300B9B00EC16E9 /* DashboardViewModel.swift in Sources */,
				6F797AAF2E30297000EC16E9 /* Syllabus.swift in Sources */,
				6F797AA82E300B9B00EC16E9 /* CourseService.swift in Sources */,
				6F797AB32E302A1600EC16E9 /* QTIWebView.swift in Sources */,
				6F797AB42E302A1600EC16E9 /* SyllabusView.swift in Sources */,
				6FC42AC32E328E6500FE39A8 /* GraphQLService.swift in Sources */,
				6F797AB52E302A1600EC16E9 /* QTIView.swift in Sources */,
				6F2A7F8F2E37CCB8004F3D42 /* KhanAcademyContentProvider.swift in Sources */,
				6F96440B2E30500E005A4354 /* SharedModels.swift in Sources */,
				6F797AA92E300B9B00EC16E9 /* AuthService.swift in Sources */,
				6F797AAA2E300B9B00EC16E9 /* LoginView.swift in Sources */,
				6F2A7FAE2E38120D004F3D42 /* AEStudioContentProvider.swift in Sources */,
				6F797AAB2E300B9B00EC16E9 /* ContentView.swift in Sources */,
				6F797AAC2E300B9B00EC16E9 /* APIConstants.swift in Sources */,
				6F9644062E304ED8005A4354 /* User.swift in Sources */,
				6F9644072E304ED8005A4354 /* CreationModels.swift in Sources */,
				6F797AAD2E300B9B00EC16E9 /* Course.swift in Sources */,
				6FC42ADE2E35BE8300FE39A8 /* InteractiveLessonsBrowserView.swift in Sources */,
				6F2A7F742E35D461004F3D42 /* UserProgressModels.swift in Sources */,
				6FC42ADF2E35BE8300FE39A8 /* InteractiveLessonView.swift in Sources */,
			);
			runOnlyForDeploymentPostprocessing = 0;
		};
/* End PBXSourcesBuildPhase section */

/* Begin XCBuildConfiguration section */
		6F24307F2E3007F9000F3090 /* Debug */ = {
			isa = XCBuildConfiguration;
			buildSettings = {
				ALWAYS_SEARCH_USER_PATHS = NO;
				ASSETCATALOG_COMPILER_GENERATE_SWIFT_ASSET_SYMBOL_EXTENSIONS = YES;
				CLANG_ANALYZER_NONNULL = YES;
				CLANG_ANALYZER_NUMBER_OBJECT_CONVERSION = YES_AGGRESSIVE;
				CLANG_CXX_LANGUAGE_STANDARD = "gnu++20";
				CLANG_ENABLE_MODULES = YES;
				CLANG_ENABLE_OBJC_ARC = YES;
				CLANG_ENABLE_OBJC_WEAK = YES;
				CLANG_WARN_BLOCK_CAPTURE_AUTORELEASING = YES;
				CLANG_WARN_BOOL_CONVERSION = YES;
				CLANG_WARN_COMMA = YES;
				CLANG_WARN_CONSTANT_CONVERSION = YES;
				CLANG_WARN_DEPRECATED_OBJC_IMPLEMENTATIONS = YES;
				CLANG_WARN_DIRECT_OBJC_ISA_USAGE = YES_ERROR;
				CLANG_WARN_DOCUMENTATION_COMMENTS = YES;
				CLANG_WARN_EMPTY_BODY = YES;
				CLANG_WARN_ENUM_CONVERSION = YES;
				CLANG_WARN_INFINITE_RECURSION = YES;
				CLANG_WARN_INT_CONVERSION = YES;
				CLANG_WARN_NON_LITERAL_NULL_CONVERSION = YES;
				CLANG_WARN_OBJC_IMPLICIT_RETAIN_SELF = YES;
				CLANG_WARN_OBJC_LITERAL_CONVERSION = YES;
				CLANG_WARN_OBJC_ROOT_CLASS = YES_ERROR;
				CLANG_WARN_QUOTED_INCLUDE_IN_FRAMEWORK_HEADER = YES;
				CLANG_WARN_RANGE_LOOP_ANALYSIS = YES;
				CLANG_WARN_STRICT_PROTOTYPES = YES;
				CLANG_WARN_SUSPICIOUS_MOVE = YES;
				CLANG_WARN_UNGUARDED_AVAILABILITY = YES_AGGRESSIVE;
				CLANG_WARN_UNREACHABLE_CODE = YES;
				CLANG_WARN__DUPLICATE_METHOD_MATCH = YES;
				COPY_PHASE_STRIP = NO;
				DEBUG_INFORMATION_FORMAT = dwarf;
				DEVELOPMENT_TEAM = AT2HT9MT4G;
				ENABLE_STRICT_OBJC_MSGSEND = YES;
				ENABLE_TESTABILITY = YES;
				ENABLE_USER_SCRIPT_SANDBOXING = YES;
				GCC_C_LANGUAGE_STANDARD = gnu17;
				GCC_DYNAMIC_NO_PIC = NO;
				GCC_NO_COMMON_BLOCKS = YES;
				GCC_OPTIMIZATION_LEVEL = 0;
				GCC_PREPROCESSOR_DEFINITIONS = (
					"DEBUG=1",
					"$(inherited)",
				);
				GCC_WARN_64_TO_32_BIT_CONVERSION = YES;
				GCC_WARN_ABOUT_RETURN_TYPE = YES_ERROR;
				GCC_WARN_UNDECLARED_SELECTOR = YES;
				GCC_WARN_UNINITIALIZED_AUTOS = YES_AGGRESSIVE;
				GCC_WARN_UNUSED_FUNCTION = YES;
				GCC_WARN_UNUSED_VARIABLE = YES;
				IPHONEOS_DEPLOYMENT_TARGET = 18.4;
				LOCALIZATION_PREFERS_STRING_CATALOGS = YES;
				MTL_ENABLE_DEBUG_INFO = INCLUDE_SOURCE;
				MTL_FAST_MATH = YES;
				ONLY_ACTIVE_ARCH = YES;
				SDKROOT = iphoneos;
				SWIFT_ACTIVE_COMPILATION_CONDITIONS = "DEBUG $(inherited)";
				SWIFT_OPTIMIZATION_LEVEL = "-Onone";
			};
			name = Debug;
		};
		6F2430802E3007F9000F3090 /* Release */ = {
			isa = XCBuildConfiguration;
			buildSettings = {
				ALWAYS_SEARCH_USER_PATHS = NO;
				ASSETCATALOG_COMPILER_GENERATE_SWIFT_ASSET_SYMBOL_EXTENSIONS = YES;
				CLANG_ANALYZER_NONNULL = YES;
				CLANG_ANALYZER_NUMBER_OBJECT_CONVERSION = YES_AGGRESSIVE;
				CLANG_CXX_LANGUAGE_STANDARD = "gnu++20";
				CLANG_ENABLE_MODULES = YES;
				CLANG_ENABLE_OBJC_ARC = YES;
				CLANG_ENABLE_OBJC_WEAK = YES;
				CLANG_WARN_BLOCK_CAPTURE_AUTORELEASING = YES;
				CLANG_WARN_BOOL_CONVERSION = YES;
				CLANG_WARN_COMMA = YES;
				CLANG_WARN_CONSTANT_CONVERSION = YES;
				CLANG_WARN_DEPRECATED_OBJC_IMPLEMENTATIONS = YES;
				CLANG_WARN_DIRECT_OBJC_ISA_USAGE = YES_ERROR;
				CLANG_WARN_DOCUMENTATION_COMMENTS = YES;
				CLANG_WARN_EMPTY_BODY = YES;
				CLANG_WARN_ENUM_CONVERSION = YES;
				CLANG_WARN_INFINITE_RECURSION = YES;
				CLANG_WARN_INT_CONVERSION = YES;
				CLANG_WARN_NON_LITERAL_NULL_CONVERSION = YES;
				CLANG_WARN_OBJC_IMPLICIT_RETAIN_SELF = YES;
				CLANG_WARN_OBJC_LITERAL_CONVERSION = YES;
				CLANG_WARN_OBJC_ROOT_CLASS = YES_ERROR;
				CLANG_WARN_QUOTED_INCLUDE_IN_FRAMEWORK_HEADER = YES;
				CLANG_WARN_RANGE_LOOP_ANALYSIS = YES;
				CLANG_WARN_STRICT_PROTOTYPES = YES;
				CLANG_WARN_SUSPICIOUS_MOVE = YES;
				CLANG_WARN_UNGUARDED_AVAILABILITY = YES_AGGRESSIVE;
				CLANG_WARN_UNREACHABLE_CODE = YES;
				CLANG_WARN__DUPLICATE_METHOD_MATCH = YES;
				COPY_PHASE_STRIP = NO;
				DEBUG_INFORMATION_FORMAT = "dwarf-with-dsym";
				DEVELOPMENT_TEAM = AT2HT9MT4G;
				ENABLE_NS_ASSERTIONS = NO;
				ENABLE_STRICT_OBJC_MSGSEND = YES;
				ENABLE_USER_SCRIPT_SANDBOXING = YES;
				GCC_C_LANGUAGE_STANDARD = gnu17;
				GCC_NO_COMMON_BLOCKS = YES;
				GCC_WARN_64_TO_32_BIT_CONVERSION = YES;
				GCC_WARN_ABOUT_RETURN_TYPE = YES_ERROR;
				GCC_WARN_UNDECLARED_SELECTOR = YES;
				GCC_WARN_UNINITIALIZED_AUTOS = YES_AGGRESSIVE;
				GCC_WARN_UNUSED_FUNCTION = YES;
				GCC_WARN_UNUSED_VARIABLE = YES;
				IPHONEOS_DEPLOYMENT_TARGET = 18.4;
				LOCALIZATION_PREFERS_STRING_CATALOGS = YES;
				MTL_ENABLE_DEBUG_INFO = NO;
				MTL_FAST_MATH = YES;
				SDKROOT = iphoneos;
				SWIFT_COMPILATION_MODE = wholemodule;
				VALIDATE_PRODUCT = YES;
			};
			name = Release;
		};
		6F2430822E3007F9000F3090 /* Debug */ = {
			isa = XCBuildConfiguration;
			buildSettings = {
				ASSETCATALOG_COMPILER_APPICON_NAME = AppIcon;
				ASSETCATALOG_COMPILER_GLOBAL_ACCENT_COLOR_NAME = AccentColor;
				CODE_SIGN_STYLE = Automatic;
				CURRENT_PROJECT_VERSION = 1;
				DEVELOPMENT_TEAM = AT2HT9MT4G;
				ENABLE_PREVIEWS = YES;
				GENERATE_INFOPLIST_FILE = YES;
				INFOPLIST_KEY_UIApplicationSceneManifest_Generation = YES;
				INFOPLIST_KEY_UIApplicationSupportsIndirectInputEvents = YES;
				INFOPLIST_KEY_UILaunchScreen_Generation = YES;
				INFOPLIST_KEY_UISupportedInterfaceOrientations_iPad = "UIInterfaceOrientationPortrait UIInterfaceOrientationPortraitUpsideDown UIInterfaceOrientationLandscapeLeft UIInterfaceOrientationLandscapeRight";
				INFOPLIST_KEY_UISupportedInterfaceOrientations_iPhone = "UIInterfaceOrientationPortrait UIInterfaceOrientationLandscapeLeft UIInterfaceOrientationLandscapeRight";
				IPHONEOS_DEPLOYMENT_TARGET = 17.6;
				LD_RUNPATH_SEARCH_PATHS = (
					"$(inherited)",
					"@executable_path/Frameworks",
				);
				MARKETING_VERSION = 1.0;
				PRODUCT_BUNDLE_IDENTIFIER = com.Tennyson.KhanTime;
				PRODUCT_NAME = "$(TARGET_NAME)";
				SWIFT_EMIT_LOC_STRINGS = YES;
				SWIFT_VERSION = 5.0;
				TARGETED_DEVICE_FAMILY = "1,2";
			};
			name = Debug;
		};
		6F2430832E3007F9000F3090 /* Release */ = {
			isa = XCBuildConfiguration;
			buildSettings = {
				ASSETCATALOG_COMPILER_APPICON_NAME = AppIcon;
				ASSETCATALOG_COMPILER_GLOBAL_ACCENT_COLOR_NAME = AccentColor;
				CODE_SIGN_STYLE = Automatic;
				CURRENT_PROJECT_VERSION = 1;
				DEVELOPMENT_TEAM = AT2HT9MT4G;
				ENABLE_PREVIEWS = YES;
				GENERATE_INFOPLIST_FILE = YES;
				INFOPLIST_KEY_UIApplicationSceneManifest_Generation = YES;
				INFOPLIST_KEY_UIApplicationSupportsIndirectInputEvents = YES;
				INFOPLIST_KEY_UILaunchScreen_Generation = YES;
				INFOPLIST_KEY_UISupportedInterfaceOrientations_iPad = "UIInterfaceOrientationPortrait UIInterfaceOrientationPortraitUpsideDown UIInterfaceOrientationLandscapeLeft UIInterfaceOrientationLandscapeRight";
				INFOPLIST_KEY_UISupportedInterfaceOrientations_iPhone = "UIInterfaceOrientationPortrait UIInterfaceOrientationLandscapeLeft UIInterfaceOrientationLandscapeRight";
				IPHONEOS_DEPLOYMENT_TARGET = 17.6;
				LD_RUNPATH_SEARCH_PATHS = (
					"$(inherited)",
					"@executable_path/Frameworks",
				);
				MARKETING_VERSION = 1.0;
				PRODUCT_BUNDLE_IDENTIFIER = com.Tennyson.KhanTime;
				PRODUCT_NAME = "$(TARGET_NAME)";
				SWIFT_EMIT_LOC_STRINGS = YES;
				SWIFT_VERSION = 5.0;
				TARGETED_DEVICE_FAMILY = "1,2";
			};
			name = Release;
		};
/* End XCBuildConfiguration section */

/* Begin XCConfigurationList section */
		6F2430712E3007F8000F3090 /* Build configuration list for PBXProject "KhanTime" */ = {
			isa = XCConfigurationList;
			buildConfigurations = (
				6F24307F2E3007F9000F3090 /* Debug */,
				6F2430802E3007F9000F3090 /* Release */,
			);
			defaultConfigurationIsVisible = 0;
			defaultConfigurationName = Release;
		};
		6F2430812E3007F9000F3090 /* Build configuration list for PBXNativeTarget "KhanTime" */ = {
			isa = XCConfigurationList;
			buildConfigurations = (
				6F2430822E3007F9000F3090 /* Debug */,
				6F2430832E3007F9000F3090 /* Release */,
			);
			defaultConfigurationIsVisible = 0;
			defaultConfigurationName = Release;
		};
/* End XCConfigurationList section */
	};
	rootObject = 6F24306E2E3007F8000F3090 /* Project object */;
}
